
Microsoft Visual Studio Solution File, Format Version 11.00
# Visual Studio 2010
Project("{E24C65DC-7377-472B-9ABA-BC803B73C61A}") = "1111", ".", "{17681BBE-8F4A-4FA8-9A75-069B61C92FAD}"
	ProjectSection(WebsiteProperties) = preProject
		TargetFrameworkMoniker = ".NETFramework,Version%3Dv4.0"
		Debug.AspNetCompiler.VirtualPath = "/1111"
		Debug.AspNetCompiler.PhysicalPath = "G:\1111\"
		Debug.AspNetCompiler.TargetPath = "PrecompiledWeb\1111\"
		Debug.AspNetCompiler.Updateable = "true"
		Debug.AspNetCompiler.ForceOverwrite = "true"
		Debug.AspNetCompiler.FixedNames = "false"
		Debug.AspNetCompiler.Debug = "True"
		Release.AspNetCompiler.VirtualPath = "/1111"
		Release.AspNetCompiler.PhysicalPath = "G:\1111\"
		Release.AspNetCompiler.TargetPath = "PrecompiledWeb\1111\"
		Release.AspNetCompiler.Updateable = "true"
		Release.AspNetCompiler.ForceOverwrite = "true"
		Release.AspNetCompiler.FixedNames = "false"
		Release.AspNetCompiler.Debug = "False"
		VWDPort = "61649"
	EndProjectSection
EndProject
Global
	GlobalSection(SolutionConfigurationPlatforms) = preSolution
		Debug|.NET = Debug|.NET
	EndGlobalSection
	GlobalSection(ProjectConfigurationPlatforms) = postSolution
		{17681BBE-8F4A-4FA8-9A75-069B61C92FAD}.Debug|.NET.ActiveCfg = Debug|.NET
		{17681BBE-8F4A-4FA8-9A75-069B61C92FAD}.Debug|.NET.Build.0 = Debug|.NET
	EndGlobalSection
	GlobalSection(SolutionProperties) = preSolution
		HideSolutionNode = FALSE
	EndGlobalSection
EndGlobal
